{
  "requires": true,
  "lockfileVersion": 1,
  "dependencies": {
    "@fullcalendar/interaction": {
      "version": "4.3.0",
      "resolved": "https://registry.npmjs.org/@fullcalendar/interaction/-/interaction-4.3.0.tgz",
      "integrity": "sha512-kaKV+tdgH/oIrwTSMGYFec989L5r+KMYJ9ybwLc8G3LbMVcebo8fAlN9VizmGQAuopKfyvOw8yzJdjfmVCCRYQ=="
    }
  }
}
